// !$*UTF8*$!
{
	archiveVersion = 1;
	classes = {
	};
	objectVersion = 55;
	objects = {

/* Begin PBXBuildFile section */
		B65F66823831E8D053D1E374 /* Pods_IOS_Desafio.framework in Frameworks */ = {isa = PBXBuildFile; fileRef = 1C857BD579425DE9B94C8F02 /* Pods_IOS_Desafio.framework */; };
		BA19880227E220A70036491B /* ServiceCall.swift in Sources */ = {isa = PBXBuildFile; fileRef = BA19880127E220A70036491B /* ServiceCall.swift */; };
		BA1B177927DF636F0056C4E2 /* AppDelegate.swift in Sources */ = {isa = PBXBuildFile; fileRef = BA1B177827DF636F0056C4E2 /* AppDelegate.swift */; };
		BA1B177B27DF636F0056C4E2 /* SceneDelegate.swift in Sources */ = {isa = PBXBuildFile; fileRef = BA1B177A27DF636F0056C4E2 /* SceneDelegate.swift */; };
		BA1B177D27DF636F0056C4E2 /* ViewController.swift in Sources */ = {isa = PBXBuildFile; fileRef = BA1B177C27DF636F0056C4E2 /* ViewController.swift */; };
		BA1B178027DF636F0056C4E2 /* Main.storyboard in Resources */ = {isa = PBXBuildFile; fileRef = BA1B177E27DF636F0056C4E2 /* Main.storyboard */; };
		BA1B178227DF63730056C4E2 /* Assets.xcassets in Resources */ = {isa = PBXBuildFile; fileRef = BA1B178127DF63730056C4E2 /* Assets.xcassets */; };
		BA1B178527DF63730056C4E2 /* LaunchScreen.storyboard in Resources */ = {isa = PBXBuildFile; fileRef = BA1B178327DF63730056C4E2 /* LaunchScreen.storyboard */; };
		BA1B179527E0BDC30056C4E2 /* ExtractController.swift in Sources */ = {isa = PBXBuildFile; fileRef = BA1B179427E0BDC30056C4E2 /* ExtractController.swift */; };
		BA5D621427E232A6009030FD /* Login.swift in Sources */ = {isa = PBXBuildFile; fileRef = BA5D621327E232A6009030FD /* Login.swift */; };
		BA5D621627E24163009030FD /* Extract.swift in Sources */ = {isa = PBXBuildFile; fileRef = BA5D621527E24163009030FD /* Extract.swift */; };
		BA5EB6C027EA0C9600703AF6 /* Validation.swift in Sources */ = {isa = PBXBuildFile; fileRef = BA5EB6BF27EA0C9600703AF6 /* Validation.swift */; };
		BAAF57A527EA4CB6004131BB /* TableView.swift in Sources */ = {isa = PBXBuildFile; fileRef = BAAF57A427EA4CB6004131BB /* TableView.swift */; };
/* End PBXBuildFile section */

/* Begin PBXFileReference section */
		1C857BD579425DE9B94C8F02 /* Pods_IOS_Desafio.framework */ = {isa = PBXFileReference; explicitFileType = wrapper.framework; includeInIndex = 0; path = Pods_IOS_Desafio.framework; sourceTree = BUILT_PRODUCTS_DIR; };
		7F96FA1B4DFCA5EBE32E0B26 /* Pods-IOS Desafio.release.xcconfig */ = {isa = PBXFileReference; includeInIndex = 1; lastKnownFileType = text.xcconfig; name = "Pods-IOS Desafio.release.xcconfig"; path = "Target Support Files/Pods-IOS Desafio/Pods-IOS Desafio.release.xcconfig"; sourceTree = "<group>"; };
		BA19880127E220A70036491B /* ServiceCall.swift */ = {isa = PBXFileReference; lastKnownFileType = sourcecode.swift; path = ServiceCall.swift; sourceTree = "<group>"; };
		BA1B177527DF636F0056C4E2 /* IOS Desafio.app */ = {isa = PBXFileReference; explicitFileType = wrapper.application; includeInIndex = 0; path = "IOS Desafio.app"; sourceTree = BUILT_PRODUCTS_DIR; };
		BA1B177827DF636F0056C4E2 /* AppDelegate.swift */ = {isa = PBXFileReference; lastKnownFileType = sourcecode.swift; path = AppDelegate.swift; sourceTree = "<group>"; };
		BA1B177A27DF636F0056C4E2 /* SceneDelegate.swift */ = {isa = PBXFileReference; lastKnownFileType = sourcecode.swift; path = SceneDelegate.swift; sourceTree = "<group>"; };
		BA1B177C27DF636F0056C4E2 /* ViewController.swift */ = {isa = PBXFileReference; lastKnownFileType = sourcecode.swift; path = ViewController.swift; sourceTree = "<group>"; };
		BA1B177F27DF636F0056C4E2 /* Base */ = {isa = PBXFileReference; lastKnownFileType = file.storyboard; name = Base; path = Base.lproj/Main.storyboard; sourceTree = "<group>"; };
		BA1B178127DF63730056C4E2 /* Assets.xcassets */ = {isa = PBXFileReference; lastKnownFileType = folder.assetcatalog; path = Assets.xcassets; sourceTree = "<group>"; };
		BA1B178427DF63730056C4E2 /* Base */ = {isa = PBXFileReference; lastKnownFileType = file.storyboard; name = Base; path = Base.lproj/LaunchScreen.storyboard; sourceTree = "<group>"; };
		BA1B178627DF63730056C4E2 /* Info.plist */ = {isa = PBXFileReference; lastKnownFileType = text.plist.xml; path = Info.plist; sourceTree = "<group>"; };
		BA1B179427E0BDC30056C4E2 /* ExtractController.swift */ = {isa = PBXFileReference; lastKnownFileType = sourcecode.swift; path = ExtractController.swift; sourceTree = "<group>"; };
		BA5D621327E232A6009030FD /* Login.swift */ = {isa = PBXFileReference; lastKnownFileType = sourcecode.swift; path = Login.swift; sourceTree = "<group>"; };
		BA5D621527E24163009030FD /* Extract.swift */ = {isa = PBXFileReference; lastKnownFileType = sourcecode.swift; path = Extract.swift; sourceTree = "<group>"; };
		BA5EB6BF27EA0C9600703AF6 /* Validation.swift */ = {isa = PBXFileReference; lastKnownFileType = sourcecode.swift; name = Validation.swift; path = "/Users/virtualmachine/Documents/IOSDesafio/IOS Desafio/Validation.swift"; sourceTree = "<absolute>"; };
		BAAF57A427EA4CB6004131BB /* TableView.swift */ = {isa = PBXFileReference; lastKnownFileType = sourcecode.swift; name = TableView.swift; path = "/Users/virtualmachine/Documents/IOSDesafio/IOS Desafio/TableView.swift"; sourceTree = "<absolute>"; };
		CD4234C5109EC574429A1383 /* Pods-IOS Desafio.debug.xcconfig */ = {isa = PBXFileReference; includeInIndex = 1; lastKnownFileType = text.xcconfig; name = "Pods-IOS Desafio.debug.xcconfig"; path = "Target Support Files/Pods-IOS Desafio/Pods-IOS Desafio.debug.xcconfig"; sourceTree = "<group>"; };
/* End PBXFileReference section */

/* Begin PBXFrameworksBuildPhase section */
		BA1B177227DF636F0056C4E2 /* Frameworks */ = {
			isa = PBXFrameworksBuildPhase;
			buildActionMask = 2147483647;
			files = (
				B65F66823831E8D053D1E374 /* Pods_IOS_Desafio.framework in Frameworks */,
			);
			runOnlyForDeploymentPostprocessing = 0;
		};
/* End PBXFrameworksBuildPhase section */

/* Begin PBXGroup section */
		50EC351B8484BDBBB32178B3 /* Frameworks */ = {
			isa = PBXGroup;
			children = (
				1C857BD579425DE9B94C8F02 /* Pods_IOS_Desafio.framework */,
			);
			name = Frameworks;
			sourceTree = "<group>";
		};
		89EEF56645F3153443B3B966 /* Pods */ = {
			isa = PBXGroup;
			children = (
				CD4234C5109EC574429A1383 /* Pods-IOS Desafio.debug.xcconfig */,
				7F96FA1B4DFCA5EBE32E0B26 /* Pods-IOS Desafio.release.xcconfig */,
			);
			path = Pods;
			sourceTree = "<group>";
		};
		BA1B176C27DF636F0056C4E2 = {
			isa = PBXGroup;
			children = (
				BA1B177727DF636F0056C4E2 /* IOS Desafio */,
				BA1B177627DF636F0056C4E2 /* Products */,
				89EEF56645F3153443B3B966 /* Pods */,
				50EC351B8484BDBBB32178B3 /* Frameworks */,
			);
			sourceTree = "<group>";
		};
		BA1B177627DF636F0056C4E2 /* Products */ = {
			isa = PBXGroup;
			children = (
				BA1B177527DF636F0056C4E2 /* IOS Desafio.app */,
			);
			name = Products;
			sourceTree = "<group>";
		};
		BA1B177727DF636F0056C4E2 /* IOS Desafio */ = {
			isa = PBXGroup;
			children = (
				BA19880127E220A70036491B /* ServiceCall.swift */,
				BA5D621527E24163009030FD /* Extract.swift */,
				BA5D621327E232A6009030FD /* Login.swift */,
				BA1B177827DF636F0056C4E2 /* AppDelegate.swift */,
				BA1B177A27DF636F0056C4E2 /* SceneDelegate.swift */,
				BA1B177C27DF636F0056C4E2 /* ViewController.swift */,
				BA1B179427E0BDC30056C4E2 /* ExtractController.swift */,
				BA5EB6BF27EA0C9600703AF6 /* Validation.swift */,
				BAAF57A427EA4CB6004131BB /* TableView.swift */,
				BA1B177E27DF636F0056C4E2 /* Main.storyboard */,
				BA1B178127DF63730056C4E2 /* Assets.xcassets */,
				BA1B178327DF63730056C4E2 /* LaunchScreen.storyboard */,
				BA1B178627DF63730056C4E2 /* Info.plist */,
			);
			path = "IOS Desafio";
			sourceTree = "<group>";
		};
/* End PBXGroup section */

/* Begin PBXNativeTarget section */
		BA1B177427DF636F0056C4E2 /* IOS Desafio */ = {
			isa = PBXNativeTarget;
			buildConfigurationList = BA1B178927DF63730056C4E2 /* Build configuration list for PBXNativeTarget "IOS Desafio" */;
			buildPhases = (
				FFB2AD128034A82836862F87 /* [CP] Check Pods Manifest.lock */,
				BA1B177127DF636F0056C4E2 /* Sources */,
				BA1B177227DF636F0056C4E2 /* Frameworks */,
				BA1B177327DF636F0056C4E2 /* Resources */,
				F4AC85700025FD48353298FC /* [CP] Embed Pods Frameworks */,
			);
			buildRules = (
			);
			dependencies = (
			);
			name = "IOS Desafio";
			productName = "IOS Desafio";
			productReference = BA1B177527DF636F0056C4E2 /* IOS Desafio.app */;
			productType = "com.apple.product-type.application";
		};
/* End PBXNativeTarget section */

/* Begin PBXProject section */
		BA1B176D27DF636F0056C4E2 /* Project object */ = {
			isa = PBXProject;
			attributes = {
				BuildIndependentTargetsInParallel = 1;
				LastSwiftUpdateCheck = 1300;
				LastUpgradeCheck = 1300;
				TargetAttributes = {
					BA1B177427DF636F0056C4E2 = {
						CreatedOnToolsVersion = 13.0;
					};
				};
			};
			buildConfigurationList = BA1B177027DF636F0056C4E2 /* Build configuration list for PBXProject "IOS Desafio" */;
			compatibilityVersion = "Xcode 13.0";
			developmentRegion = en;
			hasScannedForEncodings = 0;
			knownRegions = (
				en,
				Base,
			);
			mainGroup = BA1B176C27DF636F0056C4E2;
			productRefGroup = BA1B177627DF636F0056C4E2 /* Products */;
			projectDirPath = "";
			projectRoot = "";
			targets = (
				BA1B177427DF636F0056C4E2 /* IOS Desafio */,
			);
		};
/* End PBXProject section */

/* Begin PBXResourcesBuildPhase section */
		BA1B177327DF636F0056C4E2 /* Resources */ = {
			isa = PBXResourcesBuildPhase;
			buildActionMask = 2147483647;
			files = (
				BA1B178527DF63730056C4E2 /* LaunchScreen.storyboard in Resources */,
				BA1B178227DF63730056C4E2 /* Assets.xcassets in Resources */,
				BA1B178027DF636F0056C4E2 /* Main.storyboard in Resources */,
			);
			runOnlyForDeploymentPostprocessing = 0;
		};
/* End PBXResourcesBuildPhase section */

/* Begin PBXShellScriptBuildPhase section */
		F4AC85700025FD48353298FC /* [CP] Embed Pods Frameworks */ = {
			isa = PBXShellScriptBuildPhase;
			buildActionMask = 2147483647;
			files = (
			);
			inputFileListPaths = (
				"${PODS_ROOT}/Target Support Files/Pods-IOS Desafio/Pods-IOS Desafio-frameworks-${CONFIGURATION}-input-files.xcfilelist",
			);
			name = "[CP] Embed Pods Frameworks";
			outputFileListPaths = (
				"${PODS_ROOT}/Target Support Files/Pods-IOS Desafio/Pods-IOS Desafio-frameworks-${CONFIGURATION}-output-files.xcfilelist",
			);
			runOnlyForDeploymentPostprocessing = 0;
			shellPath = /bin/sh;
			shellScript = "\"${PODS_ROOT}/Target Support Files/Pods-IOS Desafio/Pods-IOS Desafio-frameworks.sh\"\n";
			showEnvVarsInLog = 0;
		};
		FFB2AD128034A82836862F87 /* [CP] Check Pods Manifest.lock */ = {
			isa = PBXShellScriptBuildPhase;
			buildActionMask = 2147483647;
			files = (
			);
			inputFileListPaths = (
			);
			inputPaths = (
				"${PODS_PODFILE_DIR_PATH}/Podfile.lock",
				"${PODS_ROOT}/Manifest.lock",
			);
			name = "[CP] Check Pods Manifest.lock";
			outputFileListPaths = (
			);
			outputPaths = (
				"$(DERIVED_FILE_DIR)/Pods-IOS Desafio-checkManifestLockResult.txt",
			);
			runOnlyForDeploymentPostprocessing = 0;
			shellPath = /bin/sh;
			shellScript = "diff \"${PODS_PODFILE_DIR_PATH}/Podfile.lock\" \"${PODS_ROOT}/Manifest.lock\" > /dev/null\nif [ $? != 0 ] ; then\n    # print error to STDERR\n    echo \"error: The sandbox is not in sync with the Podfile.lock. Run 'pod install' or update your CocoaPods installation.\" >&2\n    exit 1\nfi\n# This output is used by Xcode 'outputs' to avoid re-running this script phase.\necho \"SUCCESS\" > \"${SCRIPT_OUTPUT_FILE_0}\"\n";
			showEnvVarsInLog = 0;
		};
/* End PBXShellScriptBuildPhase section */

/* Begin PBXSourcesBuildPhase section */
		BA1B177127DF636F0056C4E2 /* Sources */ = {
			isa = PBXSourcesBuildPhase;
			buildActionMask = 2147483647;
			files = (
				BA5D621427E232A6009030FD /* Login.swift in Sources */,
				BA1B177D27DF636F0056C4E2 /* ViewController.swift in Sources */,
				BA1B179527E0BDC30056C4E2 /* ExtractController.swift in Sources */,
				BA5D621627E24163009030FD /* Extract.swift in Sources */,
				BAAF57A527EA4CB6004131BB /* TableView.swift in Sources */,
				BA1B177927DF636F0056C4E2 /* AppDelegate.swift in Sources */,
				BA19880227E220A70036491B /* ServiceCall.swift in Sources */,
				BA5EB6C027EA0C9600703AF6 /* Validation.swift in Sources */,
				BA1B177B27DF636F0056C4E2 /* SceneDelegate.swift in Sources */,
			);
			runOnlyForDeploymentPostprocessing = 0;
		};
/* End PBXSourcesBuildPhase section */

/* Begin PBXVariantGroup section */
		BA1B177E27DF636F0056C4E2 /* Main.storyboard */ = {
			isa = PBXVariantGroup;
			children = (
				BA1B177F27DF636F0056C4E2 /* Base */,
			);
			name = Main.storyboard;
			sourceTree = "<group>";
		};
		BA1B178327DF63730056C4E2 /* LaunchScreen.storyboard */ = {
			isa = PBXVariantGroup;
			children = (
				BA1B178427DF63730056C4E2 /* Base */,
			);
			name = LaunchScreen.storyboard;
			sourceTree = "<group>";
		};
/* End PBXVariantGroup section */

/* Begin XCBuildConfiguration section */
		BA1B178727DF63730056C4E2 /* Debug */ = {
			isa = XCBuildConfiguration;
			buildSettings = {
				ALWAYS_SEARCH_USER_PATHS = NO;
				CLANG_ANALYZER_NONNULL = YES;
				CLANG_ANALYZER_NUMBER_OBJECT_CONVERSION = YES_AGGRESSIVE;
				CLANG_CXX_LANGUAGE_STANDARD = "gnu++17";
				CLANG_CXX_LIBRARY = "libc++";
				CLANG_ENABLE_MODULES = YES;
				CLANG_ENABLE_OBJC_ARC = YES;
				CLANG_ENABLE_OBJC_WEAK = YES;
				CLANG_WARN_BLOCK_CAPTURE_AUTORELEASING = YES;
				CLANG_WARN_BOOL_CONVERSION = YES;
				CLANG_WARN_COMMA = YES;
				CLANG_WARN_CONSTANT_CONVERSION = YES;
				CLANG_WARN_DEPRECATED_OBJC_IMPLEMENTATIONS = YES;
				CLANG_WARN_DIRECT_OBJC_ISA_USAGE = YES_ERROR;
				CLANG_WARN_DOCUMENTATION_COMMENTS = YES;
				CLANG_WARN_EMPTY_BODY = YES;
				CLANG_WARN_ENUM_CONVERSION = YES;
				CLANG_WARN_INFINITE_RECURSION = YES;
				CLANG_WARN_INT_CONVERSION = YES;
				CLANG_WARN_NON_LITERAL_NULL_CONVERSION = YES;
				CLANG_WARN_OBJC_IMPLICIT_RETAIN_SELF = YES;
				CLANG_WARN_OBJC_LITERAL_CONVERSION = YES;
				CLANG_WARN_OBJC_ROOT_CLASS = YES_ERROR;
				CLANG_WARN_QUOTED_INCLUDE_IN_FRAMEWORK_HEADER = YES;
				CLANG_WARN_RANGE_LOOP_ANALYSIS = YES;
				CLANG_WARN_STRICT_PROTOTYPES = YES;
				CLANG_WARN_SUSPICIOUS_MOVE = YES;
				CLANG_WARN_UNGUARDED_AVAILABILITY = YES_AGGRESSIVE;
				CLANG_WARN_UNREACHABLE_CODE = YES;
				CLANG_WARN__DUPLICATE_METHOD_MATCH = YES;
				COPY_PHASE_STRIP = NO;
				DEBUG_INFORMATION_FORMAT = dwarf;
				ENABLE_STRICT_OBJC_MSGSEND = YES;
				ENABLE_TESTABILITY = YES;
				GCC_C_LANGUAGE_STANDARD = gnu11;
				GCC_DYNAMIC_NO_PIC = NO;
				GCC_NO_COMMON_BLOCKS = YES;
				GCC_OPTIMIZATION_LEVEL = 0;
				GCC_PREPROCESSOR_DEFINITIONS = (
					"DEBUG=1",
					"$(inherited)",
				);
				GCC_WARN_64_TO_32_BIT_CONVERSION = YES;
				GCC_WARN_ABOUT_RETURN_TYPE = YES_ERROR;
				GCC_WARN_UNDECLARED_SELECTOR = YES;
				GCC_WARN_UNINITIALIZED_AUTOS = YES_AGGRESSIVE;
				GCC_WARN_UNUSED_FUNCTION = YES;
				GCC_WARN_UNUSED_VARIABLE = YES;
				IPHONEOS_DEPLOYMENT_TARGET = 15.0;
				MTL_ENABLE_DEBUG_INFO = INCLUDE_SOURCE;
				MTL_FAST_MATH = YES;
				ONLY_ACTIVE_ARCH = YES;
				SDKROOT = iphoneos;
				SWIFT_ACTIVE_COMPILATION_CONDITIONS = DEBUG;
				SWIFT_OPTIMIZATION_LEVEL = "-Onone";
			};
			name = Debug;
		};
		BA1B178827DF63730056C4E2 /* Release */ = {
			isa = XCBuildConfiguration;
			buildSettings = {
				ALWAYS_SEARCH_USER_PATHS = NO;
				CLANG_ANALYZER_NONNULL = YES;
				CLANG_ANALYZER_NUMBER_OBJECT_CONVERSION = YES_AGGRESSIVE;
				CLANG_CXX_LANGUAGE_STANDARD = "gnu++17";
				CLANG_CXX_LIBRARY = "libc++";
				CLANG_ENABLE_MODULES = YES;
				CLANG_ENABLE_OBJC_ARC = YES;
				CLANG_ENABLE_OBJC_WEAK = YES;
				CLANG_WARN_BLOCK_CAPTURE_AUTORELEASING = YES;
				CLANG_WARN_BOOL_CONVERSION = YES;
				CLANG_WARN_COMMA = YES;
				CLANG_WARN_CONSTANT_CONVERSION = YES;
				CLANG_WARN_DEPRECATED_OBJC_IMPLEMENTATIONS = YES;
				CLANG_WARN_DIRECT_OBJC_ISA_USAGE = YES_ERROR;
				CLANG_WARN_DOCUMENTATION_COMMENTS = YES;
				CLANG_WARN_EMPTY_BODY = YES;
				CLANG_WARN_ENUM_CONVERSION = YES;
				CLANG_WARN_INFINITE_RECURSION = YES;
				CLANG_WARN_INT_CONVERSION = YES;
				CLANG_WARN_NON_LITERAL_NULL_CONVERSION = YES;
				CLANG_WARN_OBJC_IMPLICIT_RETAIN_SELF = YES;
				CLANG_WARN_OBJC_LITERAL_CONVERSION = YES;
				CLANG_WARN_OBJC_ROOT_CLASS = YES_ERROR;
				CLANG_WARN_QUOTED_INCLUDE_IN_FRAMEWORK_HEADER = YES;
				CLANG_WARN_RANGE_LOOP_ANALYSIS = YES;
				CLANG_WARN_STRICT_PROTOTYPES = YES;
				CLANG_WARN_SUSPICIOUS_MOVE = YES;
				CLANG_WARN_UNGUARDED_AVAILABILITY = YES_AGGRESSIVE;
				CLANG_WARN_UNREACHABLE_CODE = YES;
				CLANG_WARN__DUPLICATE_METHOD_MATCH = YES;
				COPY_PHASE_STRIP = NO;
				DEBUG_INFORMATION_FORMAT = "dwarf-with-dsym";
				ENABLE_NS_ASSERTIONS = NO;
				ENABLE_STRICT_OBJC_MSGSEND = YES;
				GCC_C_LANGUAGE_STANDARD = gnu11;
				GCC_NO_COMMON_BLOCKS = YES;
				GCC_WARN_64_TO_32_BIT_CONVERSION = YES;
				GCC_WARN_ABOUT_RETURN_TYPE = YES_ERROR;
				GCC_WARN_UNDECLARED_SELECTOR = YES;
				GCC_WARN_UNINITIALIZED_AUTOS = YES_AGGRESSIVE;
				GCC_WARN_UNUSED_FUNCTION = YES;
				GCC_WARN_UNUSED_VARIABLE = YES;
				IPHONEOS_DEPLOYMENT_TARGET = 15.0;
				MTL_ENABLE_DEBUG_INFO = NO;
				MTL_FAST_MATH = YES;
				SDKROOT = iphoneos;
				SWIFT_COMPILATION_MODE = wholemodule;
				SWIFT_OPTIMIZATION_LEVEL = "-O";
				VALIDATE_PRODUCT = YES;
			};
			name = Release;
		};
		BA1B178A27DF63730056C4E2 /* Debug */ = {
			isa = XCBuildConfiguration;
			baseConfigurationReference = CD4234C5109EC574429A1383 /* Pods-IOS Desafio.debug.xcconfig */;
			buildSettings = {
				ASSETCATALOG_COMPILER_APPICON_NAME = AppIcon;
				ASSETCATALOG_COMPILER_GLOBAL_ACCENT_COLOR_NAME = AccentColor;
				CODE_SIGN_STYLE = Automatic;
				CURRENT_PROJECT_VERSION = 1;
				GENERATE_INFOPLIST_FILE = YES;
				INFOPLIST_FILE = "IOS Desafio/Info.plist";
				INFOPLIST_KEY_UIApplicationSupportsIndirectInputEvents = YES;
				INFOPLIST_KEY_UILaunchStoryboardName = LaunchScreen;
				INFOPLIST_KEY_UIMainStoryboardFile = Main;
				INFOPLIST_KEY_UISupportedInterfaceOrientations = UIInterfaceOrientationPortrait;
				INFOPLIST_KEY_UISupportedInterfaceOrientations_iPad = "UIInterfaceOrientationPortrait UIInterfaceOrientationPortraitUpsideDown UIInterfaceOrientationLandscapeLeft UIInterfaceOrientationLandscapeRight";
				INFOPLIST_KEY_UISupportedInterfaceOrientations_iPhone = "UIInterfaceOrientationPortrait UIInterfaceOrientationLandscapeLeft UIInterfaceOrientationLandscapeRight";
				IPHONEOS_DEPLOYMENT_TARGET = 15.0;
				LD_RUNPATH_SEARCH_PATHS = (
					"$(inherited)",
					"@executable_path/Frameworks",
				);
				MARKETING_VERSION = 1.0;
				PRODUCT_BUNDLE_IDENTIFIER = "com.aulas.IOS-Desafio";
				PRODUCT_NAME = "$(TARGET_NAME)";
				SWIFT_EMIT_LOC_STRINGS = YES;
				SWIFT_VERSION = 5.0;
				TARGETED_DEVICE_FAMILY = 1;
			};
			name = Debug;
		};
		BA1B178B27DF63730056C4E2 /* Release */ = {
			isa = XCBuildConfiguration;
			baseConfigurationReference = 7F96FA1B4DFCA5EBE32E0B26 /* Pods-IOS Desafio.release.xcconfig */;
			buildSettings = {
				ASSETCATALOG_COMPILER_APPICON_NAME = AppIcon;
				ASSETCATALOG_COMPILER_GLOBAL_ACCENT_COLOR_NAME = AccentColor;
				CODE_SIGN_STYLE = Automatic;
				CURRENT_PROJECT_VERSION = 1;
				GENERATE_INFOPLIST_FILE = YES;
				INFOPLIST_FILE = "IOS Desafio/Info.plist";
				INFOPLIST_KEY_UIApplicationSupportsIndirectInputEvents = YES;
				INFOPLIST_KEY_UILaunchStoryboardName = LaunchScreen;
				INFOPLIST_KEY_UIMainStoryboardFile = Main;
				INFOPLIST_KEY_UISupportedInterfaceOrientations = UIInterfaceOrientationPortrait;
				INFOPLIST_KEY_UISupportedInterfaceOrientations_iPad = "UIInterfaceOrientationPortrait UIInterfaceOrientationPortraitUpsideDown UIInterfaceOrientationLandscapeLeft UIInterfaceOrientationLandscapeRight";
				INFOPLIST_KEY_UISupportedInterfaceOrientations_iPhone = "UIInterfaceOrientationPortrait UIInterfaceOrientationLandscapeLeft UIInterfaceOrientationLandscapeRight";
				IPHONEOS_DEPLOYMENT_TARGET = 15.0;
				LD_RUNPATH_SEARCH_PATHS = (
					"$(inherited)",
					"@executable_path/Frameworks",
				);
				MARKETING_VERSION = 1.0;
				PRODUCT_BUNDLE_IDENTIFIER = "com.aulas.IOS-Desafio";
				PRODUCT_NAME = "$(TARGET_NAME)";
				SWIFT_EMIT_LOC_STRINGS = YES;
				SWIFT_VERSION = 5.0;
				TARGETED_DEVICE_FAMILY = 1;
			};
			name = Release;
		};
/* End XCBuildConfiguration section */

/* Begin XCConfigurationList section */
		BA1B177027DF636F0056C4E2 /* Build configuration list for PBXProject "IOS Desafio" */ = {
			isa = XCConfigurationList;
			buildConfigurations = (
				BA1B178727DF63730056C4E2 /* Debug */,
				BA1B178827DF63730056C4E2 /* Release */,
			);
			defaultConfigurationIsVisible = 0;
			defaultConfigurationName = Release;
		};
		BA1B178927DF63730056C4E2 /* Build configuration list for PBXNativeTarget "IOS Desafio" */ = {
			isa = XCConfigurationList;
			buildConfigurations = (
				BA1B178A27DF63730056C4E2 /* Debug */,
				BA1B178B27DF63730056C4E2 /* Release */,
			);
			defaultConfigurationIsVisible = 0;
			defaultConfigurationName = Release;
		};
/* End XCConfigurationList section */
	};
	rootObject = BA1B176D27DF636F0056C4E2 /* Project object */;
}
